{
  "name": "bgr-apis",
  "version": "0.1.1",
  "lockfileVersion": 1,
  "requires": true,
  "dependencies": {
    "@turf/bbox": {
      "version": "6.0.1",
      "resolved": "https://registry.npmjs.org/@turf/bbox/-/bbox-6.0.1.tgz",
      "integrity": "sha512-EGgaRLettBG25Iyx7VyUINsPpVj1x3nFQFiGS3ER8KCI1MximzNLsam3eXRabqQDjyAKyAE1bJ4EZEpGvspQxw==",
      "requires": {
        "@turf/helpers": "6.x",
        "@turf/meta": "6.x"
      }
    },
    "@turf/buffer": {
      "version": "5.1.5",
      "resolved": "https://registry.npmjs.org/@turf/buffer/-/buffer-5.1.5.tgz",
      "integrity": "sha1-hByWJ8+5dLEirE4alW8EZrwCMcQ=",
      "requires": {
        "@turf/bbox": "^5.1.5",
        "@turf/center": "^5.1.5",
        "@turf/helpers": "^5.1.5",
        "@turf/meta": "^5.1.5",
        "@turf/projection": "^5.1.5",
        "d3-geo": "1.7.1",
        "turf-jsts": "*"
      },
      "dependencies": {
        "@turf/bbox": {
          "version": "5.1.5",
          "resolved": "https://registry.npmjs.org/@turf/bbox/-/bbox-5.1.5.tgz",
          "integrity": "sha1-MFHfUUrUxQ9KT5uKLRX9i2hA7aM=",
          "requires": {
            "@turf/helpers": "^5.1.5",
            "@turf/meta": "^5.1.5"
          }
        },
        "@turf/helpers": {
          "version": "5.1.5",
          "resolved": "https://registry.npmjs.org/@turf/helpers/-/helpers-5.1.5.tgz",
          "integrity": "sha1-FTQFInq5M9AEpbuWQantmZ/L4M8="
        },
        "@turf/meta": {
          "version": "5.2.0",
          "resolved": "https://registry.npmjs.org/@turf/meta/-/meta-5.2.0.tgz",
          "integrity": "sha1-OxrUhe4MOwsXdRMqMsOE1T5LpT0=",
          "requires": {
            "@turf/helpers": "^5.1.5"
          }
        }
      }
    },
    "@turf/center": {
      "version": "5.1.5",
      "resolved": "https://registry.npmjs.org/@turf/center/-/center-5.1.5.tgz",
      "integrity": "sha1-RKss2VT2PA03dX9xWKmcPvURS4A=",
      "requires": {
        "@turf/bbox": "^5.1.5",
        "@turf/helpers": "^5.1.5"
      },
      "dependencies": {
        "@turf/bbox": {
          "version": "5.1.5",
          "resolved": "https://registry.npmjs.org/@turf/bbox/-/bbox-5.1.5.tgz",
          "integrity": "sha1-MFHfUUrUxQ9KT5uKLRX9i2hA7aM=",
          "requires": {
            "@turf/helpers": "^5.1.5",
            "@turf/meta": "^5.1.5"
          }
        },
        "@turf/helpers": {
          "version": "5.1.5",
          "resolved": "https://registry.npmjs.org/@turf/helpers/-/helpers-5.1.5.tgz",
          "integrity": "sha1-FTQFInq5M9AEpbuWQantmZ/L4M8="
        },
        "@turf/meta": {
          "version": "5.2.0",
          "resolved": "https://registry.npmjs.org/@turf/meta/-/meta-5.2.0.tgz",
          "integrity": "sha1-OxrUhe4MOwsXdRMqMsOE1T5LpT0=",
          "requires": {
            "@turf/helpers": "^5.1.5"
          }
        }
      }
    },
    "@turf/centroid": {
      "version": "6.0.2",
      "resolved": "https://registry.npmjs.org/@turf/centroid/-/centroid-6.0.2.tgz",
      "integrity": "sha512-auyDauOtC4eddH7GC3CHFTDu2PKhpSeKCRhwhHhXtJqn2dWCJQNIoCeJRmfXRIbzCWhWvgvQafvvhq8HNvmvWw==",
      "requires": {
        "@turf/helpers": "6.x",
        "@turf/meta": "6.x"
      }
    },
    "@turf/clone": {
      "version": "5.1.5",
      "resolved": "https://registry.npmjs.org/@turf/clone/-/clone-5.1.5.tgz",
      "integrity": "sha1-JT6NNUdxgZduM636tQoPAqfw42c=",
      "requires": {
        "@turf/helpers": "^5.1.5"
      },
      "dependencies": {
        "@turf/helpers": {
          "version": "5.1.5",
          "resolved": "https://registry.npmjs.org/@turf/helpers/-/helpers-5.1.5.tgz",
          "integrity": "sha1-FTQFInq5M9AEpbuWQantmZ/L4M8="
        }
      }
    },
    "@turf/helpers": {
      "version": "6.1.4",
      "resolved": "https://registry.npmjs.org/@turf/helpers/-/helpers-6.1.4.tgz",
      "integrity": "sha512-vJvrdOZy1ngC7r3MDA7zIGSoIgyrkWcGnNIEaqn/APmw+bVLF2gAW7HIsdTxd12s5wQMqEpqIQrmrbRRZ0xC7g=="
    },
    "@turf/meta": {
      "version": "6.0.2",
      "resolved": "https://registry.npmjs.org/@turf/meta/-/meta-6.0.2.tgz",
      "integrity": "sha512-VA7HJkx7qF1l3+GNGkDVn2oXy4+QoLP6LktXAaZKjuT1JI0YESat7quUkbCMy4zP9lAUuvS4YMslLyTtr919FA==",
      "requires": {
        "@turf/helpers": "6.x"
      }
    },
    "@turf/projection": {
      "version": "5.1.5",
      "resolved": "https://registry.npmjs.org/@turf/projection/-/projection-5.1.5.tgz",
      "integrity": "sha1-JFF+7rLzaBa6n3EueubWo2jt91c=",
      "requires": {
        "@turf/clone": "^5.1.5",
        "@turf/helpers": "^5.1.5",
        "@turf/meta": "^5.1.5"
      },
      "dependencies": {
        "@turf/helpers": {
          "version": "5.1.5",
          "resolved": "https://registry.npmjs.org/@turf/helpers/-/helpers-5.1.5.tgz",
          "integrity": "sha1-FTQFInq5M9AEpbuWQantmZ/L4M8="
        },
        "@turf/meta": {
          "version": "5.2.0",
          "resolved": "https://registry.npmjs.org/@turf/meta/-/meta-5.2.0.tgz",
          "integrity": "sha1-OxrUhe4MOwsXdRMqMsOE1T5LpT0=",
          "requires": {
            "@turf/helpers": "^5.1.5"
          }
        }
      }
    },
    "d3-array": {
      "version": "1.2.4",
      "resolved": "https://registry.npmjs.org/d3-array/-/d3-array-1.2.4.tgz",
      "integrity": "sha512-KHW6M86R+FUPYGb3R5XiYjXPq7VzwxZ22buHhAEVG5ztoEcZZMLov530mmccaqA1GghZArjQV46fuc8kUqhhHw=="
    },
    "d3-geo": {
      "version": "1.7.1",
      "resolved": "https://registry.npmjs.org/d3-geo/-/d3-geo-1.7.1.tgz",
      "integrity": "sha512-O4AempWAr+P5qbk2bC2FuN/sDW4z+dN2wDf9QV3bxQt4M5HfOEeXLgJ/UKQW0+o1Dj8BE+L5kiDbdWUMjsmQpw==",
      "requires": {
        "d3-array": "1"
      }
    },
    "dom-parser": {
      "version": "0.1.5",
      "resolved": "https://registry.npmjs.org/dom-parser/-/dom-parser-0.1.5.tgz",
      "integrity": "sha1-pPYBn5oxW3XXQoqqfMv1vYWeFvs="
    },
    "mgrs": {
      "version": "1.0.0",
      "resolved": "https://registry.npmjs.org/mgrs/-/mgrs-1.0.0.tgz",
      "integrity": "sha1-+5FYjnjJACVnI5XLQLJffNatGCk="
    },
    "proj4": {
      "version": "2.5.0",
      "resolved": "https://registry.npmjs.org/proj4/-/proj4-2.5.0.tgz",
      "integrity": "sha512-XZTRT7OPdLzgvtTqL8DG2cEj8lYdovztOwiwpwRSYayOty5Ipf3H68dh/fiL+HKDEyetmQSMhkkMGiJoyziz3w==",
      "requires": {
        "mgrs": "1.0.0",
        "wkt-parser": "^1.2.0"
      }
    },
    "turf-jsts": {
      "version": "1.2.3",
      "resolved": "https://registry.npmjs.org/turf-jsts/-/turf-jsts-1.2.3.tgz",
      "integrity": "sha512-Ja03QIJlPuHt4IQ2FfGex4F4JAr8m3jpaHbFbQrgwr7s7L6U8ocrHiF3J1+wf9jzhGKxvDeaCAnGDot8OjGFyA=="
    },
    "wkt-parser": {
      "version": "1.2.3",
      "resolved": "https://registry.npmjs.org/wkt-parser/-/wkt-parser-1.2.3.tgz",
      "integrity": "sha512-s7zrOedGuHbbzMaQOuf8HacuCYp3LmmrHjkkN//7UEAzsYz7xJ6J+j/84ZWZkQcrRqi3xXyuc4odPHj7PEB0bw=="
    }
  }
}
